{
  "version": 4,
  "terraform_version": "0.12.10",
  "serial": 269,
  "lineage": "c7b06b3e-bbf2-8689-9695-042cfe2358dc",
  "outputs": {
    "ecr_repo_url": {
      "value": "043419761442.dkr.ecr.eu-west-1.amazonaws.com/jyd-weather-app",
      "type": "string"
    },
    "ecs_cluster_name": {
      "value": "jydweatherapp-dev-ecs-cluster",
      "type": "string"
    },
    "ecs_service_name": {
      "value": "jydweatherapp-dev-web",
      "type": "string"
    },
    "load_balancer_address": {
      "value": "jydweatherapp-dev-alb-1587270225.eu-west-1.elb.amazonaws.com",
      "type": "string"
    }
  },
  "resources": [
    {
      "mode": "data",
      "type": "aws_availability_zones",
      "name": "available",
      "provider": "provider.aws",
      "instances": [
        {
          "schema_version": 0,
          "attributes": {
            "blacklisted_names": null,
            "blacklisted_zone_ids": null,
            "id": "2019-10-11 12:05:05.179555575 +0000 UTC",
            "names": [
              "eu-west-1a",
              "eu-west-1b",
              "eu-west-1c"
            ],
            "state": null,
            "zone_ids": [
              "euw1-az1",
              "euw1-az2",
              "euw1-az3"
            ]
          }
        }
      ]
    },
    {
      "mode": "managed",
      "type": "aws_alb_listener",
      "name": "http",
      "provider": "provider.aws",
      "instances": [
        {
          "schema_version": 0,
          "attributes": {
            "arn": "arn:aws:elasticloadbalancing:eu-west-1:043419761442:listener/app/jydweatherapp-dev-alb/f17c430cbe903a43/1e631b870059e6fb",
            "certificate_arn": null,
            "default_action": [
              {
                "authenticate_cognito": [],
                "authenticate_oidc": [],
                "fixed_response": [],
                "order": 1,
                "redirect": [],
                "target_group_arn": "arn:aws:elasticloadbalancing:eu-west-1:043419761442:targetgroup/jydweatherapp-dev-target-grp/3d580b3d69dbf854",
                "type": "forward"
              }
            ],
            "id": "arn:aws:elasticloadbalancing:eu-west-1:043419761442:listener/app/jydweatherapp-dev-alb/f17c430cbe903a43/1e631b870059e6fb",
            "load_balancer_arn": "arn:aws:elasticloadbalancing:eu-west-1:043419761442:loadbalancer/app/jydweatherapp-dev-alb/f17c430cbe903a43",
            "port": 80,
            "protocol": "HTTP",
            "ssl_policy": "",
            "timeouts": null
          },
          "private": "eyJlMmJmYjczMC1lY2FhLTExZTYtOGY4OC0zNDM2M2JjN2M0YzAiOnsicmVhZCI6NjAwMDAwMDAwMDAwfX0=",
          "depends_on": [
            "aws_alb_target_group.tg",
            "aws_lb.alb"
          ]
        }
      ]
    },
    {
      "mode": "managed",
      "type": "aws_alb_target_group",
      "name": "tg",
      "provider": "provider.aws",
      "instances": [
        {
          "schema_version": 0,
          "attributes": {
            "arn": "arn:aws:elasticloadbalancing:eu-west-1:043419761442:targetgroup/jydweatherapp-dev-target-grp/3d580b3d69dbf854",
            "arn_suffix": "targetgroup/jydweatherapp-dev-target-grp/3d580b3d69dbf854",
            "deregistration_delay": 300,
            "health_check": [
              {
                "enabled": true,
                "healthy_threshold": 5,
                "interval": 30,
                "matcher": "200",
                "path": "/",
                "port": "traffic-port",
                "protocol": "HTTP",
                "timeout": 5,
                "unhealthy_threshold": 2
              }
            ],
            "id": "arn:aws:elasticloadbalancing:eu-west-1:043419761442:targetgroup/jydweatherapp-dev-target-grp/3d580b3d69dbf854",
            "lambda_multi_value_headers_enabled": false,
            "name": "jydweatherapp-dev-target-grp",
            "name_prefix": null,
            "port": 3000,
            "protocol": "HTTP",
            "proxy_protocol_v2": false,
            "slow_start": 0,
            "stickiness": [
              {
                "cookie_duration": 86400,
                "enabled": false,
                "type": "lb_cookie"
              }
            ],
            "tags": {
              "environment": "dev",
              "managed_by": "terraform"
            },
            "target_type": "ip",
            "vpc_id": "vpc-032f8c49805cef6c1"
          },
          "private": "bnVsbA==",
          "depends_on": [
            "aws_vpc.vpc"
          ]
        }
      ]
    },
    {
      "mode": "managed",
      "type": "aws_cloudwatch_log_group",
      "name": "ecs_log_grp",
      "provider": "provider.aws",
      "instances": [
        {
          "schema_version": 0,
          "attributes": {
            "arn": "arn:aws:logs:eu-west-1:043419761442:log-group:/ecs/jydweatherapp-dev:*",
            "id": "/ecs/jydweatherapp-dev",
            "kms_key_id": "",
            "name": "/ecs/jydweatherapp-dev",
            "name_prefix": null,
            "retention_in_days": 0,
            "tags": {
              "environment": "dev",
              "managed_by": "terraform",
              "name": "jydweatherapp-dev-log-group"
            }
          },
          "private": "bnVsbA=="
        }
      ]
    },
    {
      "mode": "managed",
      "type": "aws_ecr_repository",
      "name": "ecr_repo",
      "provider": "provider.aws",
      "instances": [
        {
          "schema_version": 0,
          "attributes": {
            "arn": "arn:aws:ecr:eu-west-1:043419761442:repository/jyd-weather-app",
            "id": "jyd-weather-app",
            "image_tag_mutability": "MUTABLE",
            "name": "jyd-weather-app",
            "registry_id": "043419761442",
            "repository_url": "043419761442.dkr.ecr.eu-west-1.amazonaws.com/jyd-weather-app",
            "tags": {},
            "timeouts": null
          },
          "private": "eyJlMmJmYjczMC1lY2FhLTExZTYtOGY4OC0zNDM2M2JjN2M0YzAiOnsiZGVsZXRlIjoxMjAwMDAwMDAwMDAwfX0="
        }
      ]
    },
    {
      "mode": "managed",
      "type": "aws_ecs_cluster",
      "name": "cluster",
      "provider": "provider.aws",
      "instances": [
        {
          "schema_version": 0,
          "attributes": {
            "arn": "arn:aws:ecs:eu-west-1:043419761442:cluster/jydweatherapp-dev-ecs-cluster",
            "id": "arn:aws:ecs:eu-west-1:043419761442:cluster/jydweatherapp-dev-ecs-cluster",
            "name": "jydweatherapp-dev-ecs-cluster",
            "setting": [
              {
                "name": "containerInsights",
                "value": "disabled"
              }
            ],
            "tags": {}
          },
          "private": "bnVsbA=="
        }
      ]
    },
    {
      "mode": "managed",
      "type": "aws_ecs_service",
      "name": "web",
      "provider": "provider.aws",
      "instances": [
        {
          "schema_version": 0,
          "attributes": {
            "cluster": "arn:aws:ecs:eu-west-1:043419761442:cluster/jydweatherapp-dev-ecs-cluster",
            "deployment_controller": [
              {
                "type": "ECS"
              }
            ],
            "deployment_maximum_percent": 200,
            "deployment_minimum_healthy_percent": 100,
            "desired_count": 2,
            "enable_ecs_managed_tags": false,
            "health_check_grace_period_seconds": 0,
            "iam_role": "aws-service-role",
            "id": "arn:aws:ecs:eu-west-1:043419761442:service/jydweatherapp-dev-web",
            "launch_type": "FARGATE",
            "load_balancer": [
              {
                "container_name": "web_1",
                "container_port": 3000,
                "elb_name": "",
                "target_group_arn": "arn:aws:elasticloadbalancing:eu-west-1:043419761442:targetgroup/jydweatherapp-dev-target-grp/3d580b3d69dbf854"
              }
            ],
            "name": "jydweatherapp-dev-web",
            "network_configuration": [
              {
                "assign_public_ip": false,
                "security_groups": [
                  "sg-026f10cd6005daced"
                ],
                "subnets": [
                  "subnet-0163ea5a72830dd89",
                  "subnet-0a62db276d708ae80"
                ]
              }
            ],
            "ordered_placement_strategy": [],
            "placement_constraints": [],
            "placement_strategy": [],
            "platform_version": "LATEST",
            "propagate_tags": "NONE",
            "scheduling_strategy": "REPLICA",
            "service_registries": [],
            "tags": {},
            "task_definition": "arn:aws:ecs:eu-west-1:043419761442:task-definition/webworker:6"
          },
          "private": "bnVsbA==",
          "depends_on": [
            "aws_alb_listener.http",
            "aws_alb_target_group.tg",
            "aws_ecs_cluster.cluster",
            "aws_ecs_task_definition.web_task",
            "aws_security_group.ecs_service",
            "aws_subnet.private"
          ]
        }
      ]
    },
    {
      "mode": "managed",
      "type": "aws_ecs_task_definition",
      "name": "web_task",
      "provider": "provider.aws",
      "instances": [
        {
          "schema_version": 1,
          "attributes": {
            "arn": "arn:aws:ecs:eu-west-1:043419761442:task-definition/webworker:6",
            "container_definitions": "[{\"cpu\":0,\"environment\":[],\"essential\":true,\"image\":\"043419761442.dkr.ecr.eu-west-1.amazonaws.com/jyd-weather-app\",\"logConfiguration\":{\"logDriver\":\"awslogs\",\"options\":{\"awslogs-group\":\"/ecs/jydweatherapp-dev\",\"awslogs-region\":\"eu-west-1\",\"awslogs-stream-prefix\":\"ecs-fargate\"}},\"memoryReservation\":300,\"mountPoints\":[],\"name\":\"web_1\",\"portMappings\":[{\"containerPort\":3000,\"hostPort\":3000,\"protocol\":\"tcp\"}],\"volumesFrom\":[]}]",
            "cpu": "256",
            "execution_role_arn": "arn:aws:iam::043419761442:role/ecs-task-execution-role",
            "family": "webworker",
            "id": "webworker",
            "ipc_mode": null,
            "memory": "512",
            "network_mode": "awsvpc",
            "pid_mode": null,
            "placement_constraints": [],
            "proxy_configuration": [],
            "requires_compatibilities": [
              "FARGATE"
            ],
            "revision": 6,
            "tags": {},
            "task_role_arn": "",
            "volume": []
          },
          "private": "eyJzY2hlbWFfdmVyc2lvbiI6IjEifQ==",
          "depends_on": [
            "aws_cloudwatch_log_group.ecs_log_grp",
            "aws_ecr_repository.ecr_repo",
            "aws_iam_role.ecs_execution_role"
          ]
        }
      ]
    },
    {
      "mode": "managed",
      "type": "aws_eip",
      "name": "nat",
      "each": "list",
      "provider": "provider.aws",
      "instances": [
        {
          "index_key": 0,
          "schema_version": 0,
          "attributes": {
            "allocation_id": null,
            "associate_with_private_ip": null,
            "association_id": "eipassoc-0b65d10e4e82a9465",
            "domain": "vpc",
            "id": "eipalloc-0920bb1936612b99f",
            "instance": "",
            "network_interface": "eni-04437f15c5470dcba",
            "private_dns": "ip-10-0-0-187.eu-west-1.compute.internal",
            "private_ip": "10.0.0.187",
            "public_dns": "ec2-108-128-208-180.eu-west-1.compute.amazonaws.com",
            "public_ip": "108.128.208.180",
            "public_ipv4_pool": "amazon",
            "tags": {},
            "timeouts": null,
            "vpc": true
          },
          "private": "eyJlMmJmYjczMC1lY2FhLTExZTYtOGY4OC0zNDM2M2JjN2M0YzAiOnsiZGVsZXRlIjoxODAwMDAwMDAwMDAsInJlYWQiOjkwMDAwMDAwMDAwMCwidXBkYXRlIjozMDAwMDAwMDAwMDB9fQ=="
        },
        {
          "index_key": 1,
          "schema_version": 0,
          "attributes": {
            "allocation_id": null,
            "associate_with_private_ip": null,
            "association_id": "eipassoc-0ee02e9aba0010c23",
            "domain": "vpc",
            "id": "eipalloc-03e1f41ddbfb052e7",
            "instance": "",
            "network_interface": "eni-04ba35a3c9f64d552",
            "private_dns": "ip-10-0-1-229.eu-west-1.compute.internal",
            "private_ip": "10.0.1.229",
            "public_dns": "ec2-18-200-221-171.eu-west-1.compute.amazonaws.com",
            "public_ip": "18.200.221.171",
            "public_ipv4_pool": "amazon",
            "tags": {},
            "timeouts": null,
            "vpc": true
          },
          "private": "eyJlMmJmYjczMC1lY2FhLTExZTYtOGY4OC0zNDM2M2JjN2M0YzAiOnsiZGVsZXRlIjoxODAwMDAwMDAwMDAsInJlYWQiOjkwMDAwMDAwMDAwMCwidXBkYXRlIjozMDAwMDAwMDAwMDB9fQ=="
        }
      ]
    },
    {
      "mode": "managed",
      "type": "aws_iam_role",
      "name": "ecs_execution_role",
      "provider": "provider.aws",
      "instances": [
        {
          "schema_version": 0,
          "attributes": {
            "arn": "arn:aws:iam::043419761442:role/ecs-task-execution-role",
            "assume_role_policy": "{\"Version\":\"2012-10-17\",\"Statement\":[{\"Effect\":\"Allow\",\"Principal\":{\"Service\":[\"batch.amazonaws.com\",\"ecs-tasks.amazonaws.com\",\"ecs.amazonaws.com\"]},\"Action\":\"sts:AssumeRole\"}]}",
            "create_date": "2019-10-11T11:55:40Z",
            "description": "",
            "force_detach_policies": false,
            "id": "ecs-task-execution-role",
            "max_session_duration": 3600,
            "name": "ecs-task-execution-role",
            "name_prefix": null,
            "path": "/",
            "permissions_boundary": null,
            "tags": {},
            "unique_id": "AROAQUHAE7MROXXSHWJG4"
          },
          "private": "bnVsbA=="
        }
      ]
    },
    {
      "mode": "managed",
      "type": "aws_iam_role_policy",
      "name": "ecs_execution_role_policy",
      "provider": "provider.aws",
      "instances": [
        {
          "schema_version": 0,
          "attributes": {
            "id": "ecs-task-execution-role:ecs-execution-role-policy",
            "name": "ecs-execution-role-policy",
            "name_prefix": null,
            "policy": "{\n  \"Version\": \"2012-10-17\",\n  \"Statement\": [\n    {\n      \"Effect\": \"Allow\",\n      \"Action\": [\n        \"ecr:GetAuthorizationToken\",\n        \"ecr:BatchCheckLayerAvailability\",\n        \"ecr:GetDownloadUrlForLayer\",\n        \"ecr:GetRepositoryPolicy\",\n        \"ecr:DescribeRepositories\",\n        \"ecr:ListImages\",\n        \"ecr:DescribeImages\",\n        \"ecr:BatchGetImage\",\n        \"logs:*\"\n      ],\n      \"Resource\": \"*\"\n    }\n  ]\n}",
            "role": "ecs-task-execution-role"
          },
          "private": "bnVsbA==",
          "depends_on": [
            "aws_iam_role.ecs_execution_role"
          ]
        }
      ]
    },
    {
      "mode": "managed",
      "type": "aws_internet_gateway",
      "name": "ig",
      "provider": "provider.aws",
      "instances": [
        {
          "schema_version": 0,
          "attributes": {
            "id": "igw-0fbaeaacd5e72b39c",
            "owner_id": "043419761442",
            "tags": {
              "environment": "dev",
              "managed_by": "terraform",
              "name": "jydweatherapp-dev-ig"
            },
            "vpc_id": "vpc-032f8c49805cef6c1"
          },
          "private": "bnVsbA==",
          "depends_on": [
            "aws_vpc.vpc"
          ]
        }
      ]
    },
    {
      "mode": "managed",
      "type": "aws_lb",
      "name": "alb",
      "provider": "provider.aws",
      "instances": [
        {
          "schema_version": 0,
          "attributes": {
            "access_logs": [
              {
                "bucket": "",
                "enabled": false,
                "prefix": ""
              }
            ],
            "arn": "arn:aws:elasticloadbalancing:eu-west-1:043419761442:loadbalancer/app/jydweatherapp-dev-alb/f17c430cbe903a43",
            "arn_suffix": "app/jydweatherapp-dev-alb/f17c430cbe903a43",
            "dns_name": "jydweatherapp-dev-alb-1587270225.eu-west-1.elb.amazonaws.com",
            "enable_cross_zone_load_balancing": null,
            "enable_deletion_protection": false,
            "enable_http2": true,
            "id": "arn:aws:elasticloadbalancing:eu-west-1:043419761442:loadbalancer/app/jydweatherapp-dev-alb/f17c430cbe903a43",
            "idle_timeout": 60,
            "internal": false,
            "ip_address_type": "ipv4",
            "load_balancer_type": "application",
            "name": "jydweatherapp-dev-alb",
            "name_prefix": null,
            "security_groups": [
              "sg-09ae088e2409939b8"
            ],
            "subnet_mapping": [
              {
                "allocation_id": "",
                "subnet_id": "subnet-0da982d7a9749694a"
              },
              {
                "allocation_id": "",
                "subnet_id": "subnet-0f024ce306f7315f6"
              }
            ],
            "subnets": [
              "subnet-0da982d7a9749694a",
              "subnet-0f024ce306f7315f6"
            ],
            "tags": {
              "environment": "dev",
              "managed_by": "terraform"
            },
            "timeouts": null,
            "vpc_id": "vpc-032f8c49805cef6c1",
            "zone_id": "Z32O12XQLNTSW2"
          },
          "private": "eyJlMmJmYjczMC1lY2FhLTExZTYtOGY4OC0zNDM2M2JjN2M0YzAiOnsiY3JlYXRlIjo2MDAwMDAwMDAwMDAsImRlbGV0ZSI6NjAwMDAwMDAwMDAwLCJ1cGRhdGUiOjYwMDAwMDAwMDAwMH19",
          "depends_on": [
            "aws_security_group.alb_sg",
            "aws_subnet.public"
          ]
        }
      ]
    },
    {
      "mode": "managed",
      "type": "aws_nat_gateway",
      "name": "gw",
      "each": "list",
      "provider": "provider.aws",
      "instances": [
        {
          "index_key": 0,
          "schema_version": 0,
          "attributes": {
            "allocation_id": "eipalloc-0920bb1936612b99f",
            "id": "nat-0f3410e914558c6fa",
            "network_interface_id": "eni-04437f15c5470dcba",
            "private_ip": "10.0.0.187",
            "public_ip": "108.128.208.180",
            "subnet_id": "subnet-0f024ce306f7315f6",
            "tags": {}
          },
          "private": "bnVsbA==",
          "depends_on": [
            "aws_eip.nat",
            "aws_subnet.public"
          ]
        },
        {
          "index_key": 1,
          "schema_version": 0,
          "attributes": {
            "allocation_id": "eipalloc-03e1f41ddbfb052e7",
            "id": "nat-07147ba93779256f8",
            "network_interface_id": "eni-04ba35a3c9f64d552",
            "private_ip": "10.0.1.229",
            "public_ip": "18.200.221.171",
            "subnet_id": "subnet-0da982d7a9749694a",
            "tags": {}
          },
          "private": "bnVsbA==",
          "depends_on": [
            "aws_eip.nat",
            "aws_subnet.public"
          ]
        }
      ]
    },
    {
      "mode": "managed",
      "type": "aws_route_table",
      "name": "private",
      "each": "list",
      "provider": "provider.aws",
      "instances": [
        {
          "index_key": 0,
          "schema_version": 0,
          "attributes": {
            "id": "rtb-0f2a1ee8fea86aa12",
            "owner_id": "043419761442",
            "propagating_vgws": [],
            "route": [
              {
                "cidr_block": "0.0.0.0/0",
                "egress_only_gateway_id": "",
                "gateway_id": "",
                "instance_id": "",
                "ipv6_cidr_block": "",
                "nat_gateway_id": "nat-0f3410e914558c6fa",
                "network_interface_id": "",
                "transit_gateway_id": "",
                "vpc_peering_connection_id": ""
              }
            ],
            "tags": {
              "environment": "dev",
              "managed_by": "terraform",
              "name": "jydweatherapp-dev-private-routes"
            },
            "vpc_id": "vpc-032f8c49805cef6c1"
          },
          "private": "bnVsbA==",
          "depends_on": [
            "aws_nat_gateway.gw",
            "aws_vpc.vpc"
          ]
        },
        {
          "index_key": 1,
          "schema_version": 0,
          "attributes": {
            "id": "rtb-0652d608932795aba",
            "owner_id": "043419761442",
            "propagating_vgws": [],
            "route": [
              {
                "cidr_block": "0.0.0.0/0",
                "egress_only_gateway_id": "",
                "gateway_id": "",
                "instance_id": "",
                "ipv6_cidr_block": "",
                "nat_gateway_id": "nat-07147ba93779256f8",
                "network_interface_id": "",
                "transit_gateway_id": "",
                "vpc_peering_connection_id": ""
              }
            ],
            "tags": {
              "environment": "dev",
              "managed_by": "terraform",
              "name": "jydweatherapp-dev-private-routes"
            },
            "vpc_id": "vpc-032f8c49805cef6c1"
          },
          "private": "bnVsbA==",
          "depends_on": [
            "aws_nat_gateway.gw",
            "aws_vpc.vpc"
          ]
        }
      ]
    },
    {
      "mode": "managed",
      "type": "aws_route_table",
      "name": "public",
      "each": "list",
      "provider": "provider.aws",
      "instances": [
        {
          "index_key": 0,
          "schema_version": 0,
          "attributes": {
            "id": "rtb-03998f942a7f46412",
            "owner_id": "043419761442",
            "propagating_vgws": [],
            "route": [
              {
                "cidr_block": "0.0.0.0/0",
                "egress_only_gateway_id": "",
                "gateway_id": "igw-0fbaeaacd5e72b39c",
                "instance_id": "",
                "ipv6_cidr_block": "",
                "nat_gateway_id": "",
                "network_interface_id": "",
                "transit_gateway_id": "",
                "vpc_peering_connection_id": ""
              }
            ],
            "tags": {
              "environment": "dev",
              "managed_by": "terraform",
              "name": "jydweatherapp-dev-public-routes"
            },
            "vpc_id": "vpc-032f8c49805cef6c1"
          },
          "private": "bnVsbA==",
          "depends_on": [
            "aws_internet_gateway.ig",
            "aws_vpc.vpc"
          ]
        },
        {
          "index_key": 1,
          "schema_version": 0,
          "attributes": {
            "id": "rtb-038e0986302c6d6fd",
            "owner_id": "043419761442",
            "propagating_vgws": [],
            "route": [
              {
                "cidr_block": "0.0.0.0/0",
                "egress_only_gateway_id": "",
                "gateway_id": "igw-0fbaeaacd5e72b39c",
                "instance_id": "",
                "ipv6_cidr_block": "",
                "nat_gateway_id": "",
                "network_interface_id": "",
                "transit_gateway_id": "",
                "vpc_peering_connection_id": ""
              }
            ],
            "tags": {
              "environment": "dev",
              "managed_by": "terraform",
              "name": "jydweatherapp-dev-public-routes"
            },
            "vpc_id": "vpc-032f8c49805cef6c1"
          },
          "private": "bnVsbA==",
          "depends_on": [
            "aws_internet_gateway.ig",
            "aws_vpc.vpc"
          ]
        }
      ]
    },
    {
      "mode": "managed",
      "type": "aws_route_table_association",
      "name": "private",
      "each": "list",
      "provider": "provider.aws",
      "instances": [
        {
          "index_key": 0,
          "schema_version": 0,
          "attributes": {
            "id": "rtbassoc-0803ce2c706ebe3c7",
            "route_table_id": "rtb-0f2a1ee8fea86aa12",
            "subnet_id": "subnet-0a62db276d708ae80"
          },
          "private": "bnVsbA==",
          "depends_on": [
            "aws_route_table.private",
            "aws_subnet.private"
          ]
        },
        {
          "index_key": 1,
          "schema_version": 0,
          "attributes": {
            "id": "rtbassoc-0916ee736c54529a5",
            "route_table_id": "rtb-0652d608932795aba",
            "subnet_id": "subnet-0163ea5a72830dd89"
          },
          "private": "bnVsbA==",
          "depends_on": [
            "aws_route_table.private",
            "aws_subnet.private"
          ]
        }
      ]
    },
    {
      "mode": "managed",
      "type": "aws_route_table_association",
      "name": "public",
      "each": "list",
      "provider": "provider.aws",
      "instances": [
        {
          "index_key": 0,
          "schema_version": 0,
          "attributes": {
            "id": "rtbassoc-072e477541720b4ef",
            "route_table_id": "rtb-03998f942a7f46412",
            "subnet_id": "subnet-0f024ce306f7315f6"
          },
          "private": "bnVsbA==",
          "depends_on": [
            "aws_route_table.public",
            "aws_subnet.public"
          ]
        },
        {
          "index_key": 1,
          "schema_version": 0,
          "attributes": {
            "id": "rtbassoc-09e76b5642069c25e",
            "route_table_id": "rtb-038e0986302c6d6fd",
            "subnet_id": "subnet-0da982d7a9749694a"
          },
          "private": "bnVsbA==",
          "depends_on": [
            "aws_route_table.public",
            "aws_subnet.public"
          ]
        }
      ]
    },
    {
      "mode": "managed",
      "type": "aws_security_group",
      "name": "alb_sg",
      "provider": "provider.aws",
      "instances": [
        {
          "schema_version": 1,
          "attributes": {
            "arn": "arn:aws:ec2:eu-west-1:043419761442:security-group/sg-09ae088e2409939b8",
            "description": "Managed by Terraform",
            "egress": [
              {
                "cidr_blocks": [
                  "0.0.0.0/0"
                ],
                "description": "",
                "from_port": 0,
                "ipv6_cidr_blocks": [],
                "prefix_list_ids": [],
                "protocol": "-1",
                "security_groups": [],
                "self": false,
                "to_port": 0
              }
            ],
            "id": "sg-09ae088e2409939b8",
            "ingress": [
              {
                "cidr_blocks": [
                  "0.0.0.0/0"
                ],
                "description": "",
                "from_port": 80,
                "ipv6_cidr_blocks": [],
                "prefix_list_ids": [],
                "protocol": "tcp",
                "security_groups": [],
                "self": false,
                "to_port": 80
              }
            ],
            "name": "jydweatherapp-dev-alb-sg",
            "name_prefix": null,
            "owner_id": "043419761442",
            "revoke_rules_on_delete": false,
            "tags": {
              "environment": "dev",
              "managed_by": "terraform",
              "name": "jydweatherapp-dev-alb-sg"
            },
            "timeouts": null,
            "vpc_id": "vpc-032f8c49805cef6c1"
          },
          "private": "eyJlMmJmYjczMC1lY2FhLTExZTYtOGY4OC0zNDM2M2JjN2M0YzAiOnsiY3JlYXRlIjo2MDAwMDAwMDAwMDAsImRlbGV0ZSI6NjAwMDAwMDAwMDAwfSwic2NoZW1hX3ZlcnNpb24iOiIxIn0=",
          "depends_on": [
            "aws_vpc.vpc"
          ]
        }
      ]
    },
    {
      "mode": "managed",
      "type": "aws_security_group",
      "name": "ecs_service",
      "provider": "provider.aws",
      "instances": [
        {
          "schema_version": 1,
          "attributes": {
            "arn": "arn:aws:ec2:eu-west-1:043419761442:security-group/sg-026f10cd6005daced",
            "description": "Allow egress from container",
            "egress": [
              {
                "cidr_blocks": [
                  "0.0.0.0/0"
                ],
                "description": "",
                "from_port": 0,
                "ipv6_cidr_blocks": [],
                "prefix_list_ids": [],
                "protocol": "-1",
                "security_groups": [],
                "self": false,
                "to_port": 0
              }
            ],
            "id": "sg-026f10cd6005daced",
            "ingress": [
              {
                "cidr_blocks": [],
                "description": "",
                "from_port": 3000,
                "ipv6_cidr_blocks": [],
                "prefix_list_ids": [],
                "protocol": "tcp",
                "security_groups": [
                  "sg-09ae088e2409939b8"
                ],
                "self": false,
                "to_port": 3000
              }
            ],
            "name": "jydweatherapp-dev-ecs-service-sg",
            "name_prefix": null,
            "owner_id": "043419761442",
            "revoke_rules_on_delete": false,
            "tags": {
              "environment": "dev",
              "managed_by": "terraform",
              "name": "jydweatherapp-dev-ecs-service-sg"
            },
            "timeouts": null,
            "vpc_id": "vpc-032f8c49805cef6c1"
          },
          "private": "eyJlMmJmYjczMC1lY2FhLTExZTYtOGY4OC0zNDM2M2JjN2M0YzAiOnsiY3JlYXRlIjo2MDAwMDAwMDAwMDAsImRlbGV0ZSI6NjAwMDAwMDAwMDAwfSwic2NoZW1hX3ZlcnNpb24iOiIxIn0=",
          "depends_on": [
            "aws_security_group.alb_sg",
            "aws_vpc.vpc"
          ]
        }
      ]
    },
    {
      "mode": "managed",
      "type": "aws_subnet",
      "name": "private",
      "each": "list",
      "provider": "provider.aws",
      "instances": [
        {
          "index_key": 0,
          "schema_version": 1,
          "attributes": {
            "arn": "arn:aws:ec2:eu-west-1:043419761442:subnet/subnet-0a62db276d708ae80",
            "assign_ipv6_address_on_creation": false,
            "availability_zone": "eu-west-1a",
            "availability_zone_id": "euw1-az1",
            "cidr_block": "10.0.100.0/24",
            "id": "subnet-0a62db276d708ae80",
            "ipv6_cidr_block": "",
            "ipv6_cidr_block_association_id": "",
            "map_public_ip_on_launch": false,
            "owner_id": "043419761442",
            "tags": {
              "environment": "dev",
              "managed_by": "terraform",
              "name": "jydweatherapp-dev-private-subnet-0"
            },
            "timeouts": null,
            "vpc_id": "vpc-032f8c49805cef6c1"
          },
          "private": "eyJlMmJmYjczMC1lY2FhLTExZTYtOGY4OC0zNDM2M2JjN2M0YzAiOnsiY3JlYXRlIjo2MDAwMDAwMDAwMDAsImRlbGV0ZSI6MTIwMDAwMDAwMDAwMH0sInNjaGVtYV92ZXJzaW9uIjoiMSJ9",
          "depends_on": [
            "aws_vpc.vpc",
            "data.aws_availability_zones.available"
          ]
        },
        {
          "index_key": 1,
          "schema_version": 1,
          "attributes": {
            "arn": "arn:aws:ec2:eu-west-1:043419761442:subnet/subnet-0163ea5a72830dd89",
            "assign_ipv6_address_on_creation": false,
            "availability_zone": "eu-west-1b",
            "availability_zone_id": "euw1-az2",
            "cidr_block": "10.0.101.0/24",
            "id": "subnet-0163ea5a72830dd89",
            "ipv6_cidr_block": "",
            "ipv6_cidr_block_association_id": "",
            "map_public_ip_on_launch": false,
            "owner_id": "043419761442",
            "tags": {
              "environment": "dev",
              "managed_by": "terraform",
              "name": "jydweatherapp-dev-private-subnet-1"
            },
            "timeouts": null,
            "vpc_id": "vpc-032f8c49805cef6c1"
          },
          "private": "eyJlMmJmYjczMC1lY2FhLTExZTYtOGY4OC0zNDM2M2JjN2M0YzAiOnsiY3JlYXRlIjo2MDAwMDAwMDAwMDAsImRlbGV0ZSI6MTIwMDAwMDAwMDAwMH0sInNjaGVtYV92ZXJzaW9uIjoiMSJ9",
          "depends_on": [
            "aws_vpc.vpc",
            "data.aws_availability_zones.available"
          ]
        }
      ]
    },
    {
      "mode": "managed",
      "type": "aws_subnet",
      "name": "public",
      "each": "list",
      "provider": "provider.aws",
      "instances": [
        {
          "index_key": 0,
          "schema_version": 1,
          "attributes": {
            "arn": "arn:aws:ec2:eu-west-1:043419761442:subnet/subnet-0f024ce306f7315f6",
            "assign_ipv6_address_on_creation": false,
            "availability_zone": "eu-west-1a",
            "availability_zone_id": "euw1-az1",
            "cidr_block": "10.0.0.0/24",
            "id": "subnet-0f024ce306f7315f6",
            "ipv6_cidr_block": "",
            "ipv6_cidr_block_association_id": "",
            "map_public_ip_on_launch": false,
            "owner_id": "043419761442",
            "tags": {
              "environment": "dev",
              "managed_by": "terraform",
              "name": "jydweatherapp-dev-public-subnet-0"
            },
            "timeouts": null,
            "vpc_id": "vpc-032f8c49805cef6c1"
          },
          "private": "eyJlMmJmYjczMC1lY2FhLTExZTYtOGY4OC0zNDM2M2JjN2M0YzAiOnsiY3JlYXRlIjo2MDAwMDAwMDAwMDAsImRlbGV0ZSI6MTIwMDAwMDAwMDAwMH0sInNjaGVtYV92ZXJzaW9uIjoiMSJ9",
          "depends_on": [
            "aws_vpc.vpc",
            "data.aws_availability_zones.available"
          ]
        },
        {
          "index_key": 1,
          "schema_version": 1,
          "attributes": {
            "arn": "arn:aws:ec2:eu-west-1:043419761442:subnet/subnet-0da982d7a9749694a",
            "assign_ipv6_address_on_creation": false,
            "availability_zone": "eu-west-1b",
            "availability_zone_id": "euw1-az2",
            "cidr_block": "10.0.1.0/24",
            "id": "subnet-0da982d7a9749694a",
            "ipv6_cidr_block": "",
            "ipv6_cidr_block_association_id": "",
            "map_public_ip_on_launch": false,
            "owner_id": "043419761442",
            "tags": {
              "environment": "dev",
              "managed_by": "terraform",
              "name": "jydweatherapp-dev-public-subnet-1"
            },
            "timeouts": null,
            "vpc_id": "vpc-032f8c49805cef6c1"
          },
          "private": "eyJlMmJmYjczMC1lY2FhLTExZTYtOGY4OC0zNDM2M2JjN2M0YzAiOnsiY3JlYXRlIjo2MDAwMDAwMDAwMDAsImRlbGV0ZSI6MTIwMDAwMDAwMDAwMH0sInNjaGVtYV92ZXJzaW9uIjoiMSJ9",
          "depends_on": [
            "aws_vpc.vpc",
            "data.aws_availability_zones.available"
          ]
        }
      ]
    },
    {
      "mode": "managed",
      "type": "aws_vpc",
      "name": "vpc",
      "provider": "provider.aws",
      "instances": [
        {
          "schema_version": 1,
          "attributes": {
            "arn": "arn:aws:ec2:eu-west-1:043419761442:vpc/vpc-032f8c49805cef6c1",
            "assign_generated_ipv6_cidr_block": false,
            "cidr_block": "10.0.0.0/16",
            "default_network_acl_id": "acl-0bdece58052eebaf4",
            "default_route_table_id": "rtb-0cd42cf3a7b5b604a",
            "default_security_group_id": "sg-0e69df4dca0ad041b",
            "dhcp_options_id": "dopt-3b8ac55d",
            "enable_classiclink": false,
            "enable_classiclink_dns_support": false,
            "enable_dns_hostnames": true,
            "enable_dns_support": true,
            "id": "vpc-032f8c49805cef6c1",
            "instance_tenancy": "default",
            "ipv6_association_id": "",
            "ipv6_cidr_block": "",
            "main_route_table_id": "rtb-0cd42cf3a7b5b604a",
            "owner_id": "043419761442",
            "tags": {
              "environment": "dev",
              "managed_by": "terraform",
              "name": "jydweatherapp-dev-vpc"
            }
          },
          "private": "eyJzY2hlbWFfdmVyc2lvbiI6IjEifQ=="
        }
      ]
    }
  ]
}
